
Microsoft Visual Studio Solution File, Format Version 12.00
# Visual Studio 15
VisualStudioVersion = 15.0.26730.12
MinimumVisualStudioVersion = 10.0.40219.1
Project("{FAE04EC0-301F-11D3-BF4B-00C04F79EFBC}") = "Labra3teht2", "Labra3teht2\Labra3teht2.csproj", "{A09002D0-9E83-4974-A5AA-38338A39AA64}"
EndProject
Global
	GlobalSection(SolutionConfigurationPlatforms) = preSolution
		Debug|Any CPU = Debug|Any CPU
		Release|Any CPU = Release|Any CPU
	EndGlobalSection
	GlobalSection(ProjectConfigurationPlatforms) = postSolution
		{A09002D0-9E83-4974-A5AA-38338A39AA64}.Debug|Any CPU.ActiveCfg = Debug|Any CPU
		{A09002D0-9E83-4974-A5AA-38338A39AA64}.Debug|Any CPU.Build.0 = Debug|Any CPU
		{A09002D0-9E83-4974-A5AA-38338A39AA64}.Release|Any CPU.ActiveCfg = Release|Any CPU
		{A09002D0-9E83-4974-A5AA-38338A39AA64}.Release|Any CPU.Build.0 = Release|Any CPU
	EndGlobalSection
	GlobalSection(SolutionProperties) = preSolution
		HideSolutionNode = FALSE
	EndGlobalSection
	GlobalSection(ExtensibilityGlobals) = postSolution
		SolutionGuid = {661A6AC8-F1CE-4933-B3DA-78E43817AE62}
	EndGlobalSection
EndGlobal
