
Microsoft Visual Studio Solution File, Format Version 12.00
# Visual Studio 15
VisualStudioVersion = 15.0.26730.12
MinimumVisualStudioVersion = 10.0.40219.1
Project("{FAE04EC0-301F-11D3-BF4B-00C04F79EFBC}") = "Labra6Tehtäv1", "Labra6Tehtäv1\Labra6Tehtäv1.csproj", "{AB2ECF62-4AC5-43BA-B50F-DC3E4DEB96EE}"
EndProject
Global
	GlobalSection(SolutionConfigurationPlatforms) = preSolution
		Debug|Any CPU = Debug|Any CPU
		Release|Any CPU = Release|Any CPU
	EndGlobalSection
	GlobalSection(ProjectConfigurationPlatforms) = postSolution
		{AB2ECF62-4AC5-43BA-B50F-DC3E4DEB96EE}.Debug|Any CPU.ActiveCfg = Debug|Any CPU
		{AB2ECF62-4AC5-43BA-B50F-DC3E4DEB96EE}.Debug|Any CPU.Build.0 = Debug|Any CPU
		{AB2ECF62-4AC5-43BA-B50F-DC3E4DEB96EE}.Release|Any CPU.ActiveCfg = Release|Any CPU
		{AB2ECF62-4AC5-43BA-B50F-DC3E4DEB96EE}.Release|Any CPU.Build.0 = Release|Any CPU
	EndGlobalSection
	GlobalSection(SolutionProperties) = preSolution
		HideSolutionNode = FALSE
	EndGlobalSection
	GlobalSection(ExtensibilityGlobals) = postSolution
		SolutionGuid = {C0D36AF5-6B44-40C8-967E-32F6A07BDAC2}
	EndGlobalSection
EndGlobal
