
Microsoft Visual Studio Solution File, Format Version 12.00
# Visual Studio 15
VisualStudioVersion = 15.0.26730.12
MinimumVisualStudioVersion = 10.0.40219.1
Project("{FAE04EC0-301F-11D3-BF4B-00C04F79EFBC}") = "Labra10Teht2", "Labra10Teht2\Labra10Teht2.csproj", "{FFEA2BAD-1433-4DA0-BB2D-DFD2CF74A06B}"
EndProject
Global
	GlobalSection(SolutionConfigurationPlatforms) = preSolution
		Debug|Any CPU = Debug|Any CPU
		Release|Any CPU = Release|Any CPU
	EndGlobalSection
	GlobalSection(ProjectConfigurationPlatforms) = postSolution
		{FFEA2BAD-1433-4DA0-BB2D-DFD2CF74A06B}.Debug|Any CPU.ActiveCfg = Debug|Any CPU
		{FFEA2BAD-1433-4DA0-BB2D-DFD2CF74A06B}.Debug|Any CPU.Build.0 = Debug|Any CPU
		{FFEA2BAD-1433-4DA0-BB2D-DFD2CF74A06B}.Release|Any CPU.ActiveCfg = Release|Any CPU
		{FFEA2BAD-1433-4DA0-BB2D-DFD2CF74A06B}.Release|Any CPU.Build.0 = Release|Any CPU
	EndGlobalSection
	GlobalSection(SolutionProperties) = preSolution
		HideSolutionNode = FALSE
	EndGlobalSection
	GlobalSection(ExtensibilityGlobals) = postSolution
		SolutionGuid = {C6251140-F930-405E-A8A0-70912A012ACC}
	EndGlobalSection
EndGlobal
