
Microsoft Visual Studio Solution File, Format Version 12.00
# Visual Studio 15
VisualStudioVersion = 15.0.26430.16
MinimumVisualStudioVersion = 10.0.40219.1
Project("{FAE04EC0-301F-11D3-BF4B-00C04F79EFBC}") = "Labra4Tehtä4", "Labra4Tehtä4\Labra4Tehtä4.csproj", "{569662B1-E42B-4ADE-B876-D9544A8B6ABF}"
EndProject
Global
	GlobalSection(SolutionConfigurationPlatforms) = preSolution
		Debug|Any CPU = Debug|Any CPU
		Release|Any CPU = Release|Any CPU
	EndGlobalSection
	GlobalSection(ProjectConfigurationPlatforms) = postSolution
		{569662B1-E42B-4ADE-B876-D9544A8B6ABF}.Debug|Any CPU.ActiveCfg = Debug|Any CPU
		{569662B1-E42B-4ADE-B876-D9544A8B6ABF}.Debug|Any CPU.Build.0 = Debug|Any CPU
		{569662B1-E42B-4ADE-B876-D9544A8B6ABF}.Release|Any CPU.ActiveCfg = Release|Any CPU
		{569662B1-E42B-4ADE-B876-D9544A8B6ABF}.Release|Any CPU.Build.0 = Release|Any CPU
	EndGlobalSection
	GlobalSection(SolutionProperties) = preSolution
		HideSolutionNode = FALSE
	EndGlobalSection
EndGlobal
