
Microsoft Visual Studio Solution File, Format Version 12.00
# Visual Studio 15
VisualStudioVersion = 15.0.26730.12
MinimumVisualStudioVersion = 10.0.40219.1
Project("{FAE04EC0-301F-11D3-BF4B-00C04F79EFBC}") = "Labra7Tehtä3", "Labra7Tehtä3\Labra7Tehtä3.csproj", "{7D469857-1B57-4720-8ACA-2159943FAE3B}"
EndProject
Global
	GlobalSection(SolutionConfigurationPlatforms) = preSolution
		Debug|Any CPU = Debug|Any CPU
		Release|Any CPU = Release|Any CPU
	EndGlobalSection
	GlobalSection(ProjectConfigurationPlatforms) = postSolution
		{7D469857-1B57-4720-8ACA-2159943FAE3B}.Debug|Any CPU.ActiveCfg = Debug|Any CPU
		{7D469857-1B57-4720-8ACA-2159943FAE3B}.Debug|Any CPU.Build.0 = Debug|Any CPU
		{7D469857-1B57-4720-8ACA-2159943FAE3B}.Release|Any CPU.ActiveCfg = Release|Any CPU
		{7D469857-1B57-4720-8ACA-2159943FAE3B}.Release|Any CPU.Build.0 = Release|Any CPU
	EndGlobalSection
	GlobalSection(SolutionProperties) = preSolution
		HideSolutionNode = FALSE
	EndGlobalSection
	GlobalSection(ExtensibilityGlobals) = postSolution
		SolutionGuid = {278B102D-6BC5-4F1E-9E02-00CCFF59B083}
	EndGlobalSection
EndGlobal
